
Microsoft Visual Studio Solution File, Format Version 12.00
# Visual Studio Version 16
VisualStudioVersion = 16.0.30621.155
MinimumVisualStudioVersion = 10.0.40219.1
Project("{FAE04EC0-301F-11D3-BF4B-00C04F79EFBC}") = "Personal_Keyboard_Mapper.Lib", "..\Personal_Keybard_Mapper.Lib\Personal_Keyboard_Mapper.Lib.csproj", "{1231556F-8E26-49F6-89BF-ABC93E84428B}"
EndProject
Project("{FAE04EC0-301F-11D3-BF4B-00C04F79EFBC}") = "Personal_Keybard_Mapper.Console", "..\Personal_Keybard_Mapper.Console\Personal_Keybard_Mapper.Console.csproj", "{5952E92A-3974-4F28-83A6-2EE6249FDE19}"
EndProject
Project("{FAE04EC0-301F-11D3-BF4B-00C04F79EFBC}") = "Personal-Keyboard-Mapper", "Personal-Keyboard-Mapper\Personal-Keyboard-Mapper.csproj", "{521E776D-EDDE-47C4-A126-1357E63EDC93}"
EndProject
Global
	GlobalSection(SolutionConfigurationPlatforms) = preSolution
		Debug|Any CPU = Debug|Any CPU
		Release|Any CPU = Release|Any CPU
	EndGlobalSection
	GlobalSection(ProjectConfigurationPlatforms) = postSolution
		{1231556F-8E26-49F6-89BF-ABC93E84428B}.Debug|Any CPU.ActiveCfg = Debug|Any CPU
		{1231556F-8E26-49F6-89BF-ABC93E84428B}.Debug|Any CPU.Build.0 = Debug|Any CPU
		{1231556F-8E26-49F6-89BF-ABC93E84428B}.Release|Any CPU.ActiveCfg = Release|Any CPU
		{1231556F-8E26-49F6-89BF-ABC93E84428B}.Release|Any CPU.Build.0 = Release|Any CPU
		{5952E92A-3974-4F28-83A6-2EE6249FDE19}.Debug|Any CPU.ActiveCfg = Debug|Any CPU
		{5952E92A-3974-4F28-83A6-2EE6249FDE19}.Debug|Any CPU.Build.0 = Debug|Any CPU
		{5952E92A-3974-4F28-83A6-2EE6249FDE19}.Release|Any CPU.ActiveCfg = Release|Any CPU
		{5952E92A-3974-4F28-83A6-2EE6249FDE19}.Release|Any CPU.Build.0 = Release|Any CPU
		{521E776D-EDDE-47C4-A126-1357E63EDC93}.Debug|Any CPU.ActiveCfg = Debug|Any CPU
		{521E776D-EDDE-47C4-A126-1357E63EDC93}.Debug|Any CPU.Build.0 = Debug|Any CPU
		{521E776D-EDDE-47C4-A126-1357E63EDC93}.Release|Any CPU.ActiveCfg = Release|Any CPU
		{521E776D-EDDE-47C4-A126-1357E63EDC93}.Release|Any CPU.Build.0 = Release|Any CPU
	EndGlobalSection
	GlobalSection(SolutionProperties) = preSolution
		HideSolutionNode = FALSE
	EndGlobalSection
	GlobalSection(ExtensibilityGlobals) = postSolution
		SolutionGuid = {4F3C9C57-F5F2-448C-8CF2-4E9DC687C772}
	EndGlobalSection
EndGlobal
